
Microsoft Visual Studio Solution File, Format Version 11.00
# Visual Studio 2010
Project("{F184B08F-C81C-45F6-A57F-5ABD9991F28F}") = "MantenimentoClasf", "MantenimentoClasf\MantenimentoClasf.vbproj", "{86CE237F-7C2C-431A-9B3D-0F047CF2582D}"
EndProject
Global
	GlobalSection(SolutionConfigurationPlatforms) = preSolution
		Debug|x86 = Debug|x86
		Release|x86 = Release|x86
	EndGlobalSection
	GlobalSection(ProjectConfigurationPlatforms) = postSolution
		{86CE237F-7C2C-431A-9B3D-0F047CF2582D}.Debug|x86.ActiveCfg = Debug|x86
		{86CE237F-7C2C-431A-9B3D-0F047CF2582D}.Debug|x86.Build.0 = Debug|x86
		{86CE237F-7C2C-431A-9B3D-0F047CF2582D}.Release|x86.ActiveCfg = Release|x86
		{86CE237F-7C2C-431A-9B3D-0F047CF2582D}.Release|x86.Build.0 = Release|x86
	EndGlobalSection
	GlobalSection(SolutionProperties) = preSolution
		HideSolutionNode = FALSE
	EndGlobalSection
EndGlobal
