
Microsoft Visual Studio Solution File, Format Version 12.00
# Visual Studio Version 16
VisualStudioVersion = 16.0.31019.35
MinimumVisualStudioVersion = 10.0.40219.1
Project("{FAE04EC0-301F-11D3-BF4B-00C04F79EFBC}") = "DaxComercializacion", "DaxComercializacion\DaxComercializacion.csproj", "{6026E351-903E-40D5-8D96-2973DE51CE40}"
EndProject
Project("{F184B08F-C81C-45F6-A57F-5ABD9991F28F}") = "FormasPagoDAX", "FormasPago\FormasPagoDAX.vbproj", "{05EB86F9-B700-499D-8B86-118C6E2268C9}"
EndProject
Project("{FAE04EC0-301F-11D3-BF4B-00C04F79EFBC}") = "pagosDocumentoDAX", "pagosDocumento\pagosDocumentoDAX.csproj", "{C50DB52D-95C0-42B6-A5C4-2E6251FE51EC}"
EndProject
Global
	GlobalSection(SolutionConfigurationPlatforms) = preSolution
		Debug|Any CPU = Debug|Any CPU
		Debug|x86 = Debug|x86
		Release|Any CPU = Release|Any CPU
		Release|x86 = Release|x86
	EndGlobalSection
	GlobalSection(ProjectConfigurationPlatforms) = postSolution
		{6026E351-903E-40D5-8D96-2973DE51CE40}.Debug|Any CPU.ActiveCfg = Debug|x86
		{6026E351-903E-40D5-8D96-2973DE51CE40}.Debug|x86.ActiveCfg = Debug|x86
		{6026E351-903E-40D5-8D96-2973DE51CE40}.Debug|x86.Build.0 = Debug|x86
		{6026E351-903E-40D5-8D96-2973DE51CE40}.Release|Any CPU.ActiveCfg = Release|x86
		{6026E351-903E-40D5-8D96-2973DE51CE40}.Release|x86.ActiveCfg = Release|x86
		{6026E351-903E-40D5-8D96-2973DE51CE40}.Release|x86.Build.0 = Release|x86
		{05EB86F9-B700-499D-8B86-118C6E2268C9}.Debug|Any CPU.ActiveCfg = Debug|Any CPU
		{05EB86F9-B700-499D-8B86-118C6E2268C9}.Debug|Any CPU.Build.0 = Debug|Any CPU
		{05EB86F9-B700-499D-8B86-118C6E2268C9}.Debug|x86.ActiveCfg = Debug|x86
		{05EB86F9-B700-499D-8B86-118C6E2268C9}.Debug|x86.Build.0 = Debug|x86
		{05EB86F9-B700-499D-8B86-118C6E2268C9}.Release|Any CPU.ActiveCfg = Release|Any CPU
		{05EB86F9-B700-499D-8B86-118C6E2268C9}.Release|Any CPU.Build.0 = Release|Any CPU
		{05EB86F9-B700-499D-8B86-118C6E2268C9}.Release|x86.ActiveCfg = Release|x86
		{05EB86F9-B700-499D-8B86-118C6E2268C9}.Release|x86.Build.0 = Release|x86
		{C50DB52D-95C0-42B6-A5C4-2E6251FE51EC}.Debug|Any CPU.ActiveCfg = Debug|Any CPU
		{C50DB52D-95C0-42B6-A5C4-2E6251FE51EC}.Debug|Any CPU.Build.0 = Debug|Any CPU
		{C50DB52D-95C0-42B6-A5C4-2E6251FE51EC}.Debug|x86.ActiveCfg = Debug|Any CPU
		{C50DB52D-95C0-42B6-A5C4-2E6251FE51EC}.Debug|x86.Build.0 = Debug|Any CPU
		{C50DB52D-95C0-42B6-A5C4-2E6251FE51EC}.Release|Any CPU.ActiveCfg = Release|Any CPU
		{C50DB52D-95C0-42B6-A5C4-2E6251FE51EC}.Release|Any CPU.Build.0 = Release|Any CPU
		{C50DB52D-95C0-42B6-A5C4-2E6251FE51EC}.Release|x86.ActiveCfg = Release|Any CPU
		{C50DB52D-95C0-42B6-A5C4-2E6251FE51EC}.Release|x86.Build.0 = Release|Any CPU
	EndGlobalSection
	GlobalSection(SolutionProperties) = preSolution
		HideSolutionNode = FALSE
	EndGlobalSection
	GlobalSection(ExtensibilityGlobals) = postSolution
		SolutionGuid = {9AF49A25-C753-45A3-B483-FD4880A8DE86}
	EndGlobalSection
EndGlobal
