
Microsoft Visual Studio Solution File, Format Version 12.00
# Visual Studio 2013
VisualStudioVersion = 12.0.40629.0
MinimumVisualStudioVersion = 10.0.40219.1
Project("{FAE04EC0-301F-11D3-BF4B-00C04F79EFBC}") = "GessDax", "GessDax.csproj", "{66F09BBC-B270-4D30-BD35-EFD7E5DDF786}"
EndProject
Project("{FAE04EC0-301F-11D3-BF4B-00C04F79EFBC}") = "gessClass", "..\clases\gessClass\gessClass.csproj", "{83E6CB4F-113D-4C74-8862-A4B9C07D7AF5}"
EndProject
Project("{FAE04EC0-301F-11D3-BF4B-00C04F79EFBC}") = "gessDat", "ClassLibrary1\gessDat.csproj", "{46880D33-F016-4761-9868-ED34AED02B4C}"
EndProject
Global
	GlobalSection(SolutionConfigurationPlatforms) = preSolution
		Debug|Any CPU = Debug|Any CPU
		Debug|Mixed Platforms = Debug|Mixed Platforms
		Debug|x86 = Debug|x86
		Release|Any CPU = Release|Any CPU
		Release|Mixed Platforms = Release|Mixed Platforms
		Release|x86 = Release|x86
	EndGlobalSection
	GlobalSection(ProjectConfigurationPlatforms) = postSolution
		{66F09BBC-B270-4D30-BD35-EFD7E5DDF786}.Debug|Any CPU.ActiveCfg = Debug|x86
		{66F09BBC-B270-4D30-BD35-EFD7E5DDF786}.Debug|Mixed Platforms.ActiveCfg = Debug|x86
		{66F09BBC-B270-4D30-BD35-EFD7E5DDF786}.Debug|Mixed Platforms.Build.0 = Debug|x86
		{66F09BBC-B270-4D30-BD35-EFD7E5DDF786}.Debug|x86.ActiveCfg = Debug|x86
		{66F09BBC-B270-4D30-BD35-EFD7E5DDF786}.Debug|x86.Build.0 = Debug|x86
		{66F09BBC-B270-4D30-BD35-EFD7E5DDF786}.Release|Any CPU.ActiveCfg = Release|x86
		{66F09BBC-B270-4D30-BD35-EFD7E5DDF786}.Release|Mixed Platforms.ActiveCfg = Release|x86
		{66F09BBC-B270-4D30-BD35-EFD7E5DDF786}.Release|Mixed Platforms.Build.0 = Release|x86
		{66F09BBC-B270-4D30-BD35-EFD7E5DDF786}.Release|x86.ActiveCfg = Release|x86
		{66F09BBC-B270-4D30-BD35-EFD7E5DDF786}.Release|x86.Build.0 = Release|x86
		{83E6CB4F-113D-4C74-8862-A4B9C07D7AF5}.Debug|Any CPU.ActiveCfg = Debug|Any CPU
		{83E6CB4F-113D-4C74-8862-A4B9C07D7AF5}.Debug|Any CPU.Build.0 = Debug|Any CPU
		{83E6CB4F-113D-4C74-8862-A4B9C07D7AF5}.Debug|Mixed Platforms.ActiveCfg = Debug|Any CPU
		{83E6CB4F-113D-4C74-8862-A4B9C07D7AF5}.Debug|Mixed Platforms.Build.0 = Debug|Any CPU
		{83E6CB4F-113D-4C74-8862-A4B9C07D7AF5}.Debug|x86.ActiveCfg = Debug|Any CPU
		{83E6CB4F-113D-4C74-8862-A4B9C07D7AF5}.Release|Any CPU.ActiveCfg = Release|Any CPU
		{83E6CB4F-113D-4C74-8862-A4B9C07D7AF5}.Release|Any CPU.Build.0 = Release|Any CPU
		{83E6CB4F-113D-4C74-8862-A4B9C07D7AF5}.Release|Mixed Platforms.ActiveCfg = Release|Any CPU
		{83E6CB4F-113D-4C74-8862-A4B9C07D7AF5}.Release|Mixed Platforms.Build.0 = Release|Any CPU
		{83E6CB4F-113D-4C74-8862-A4B9C07D7AF5}.Release|x86.ActiveCfg = Release|Any CPU
		{46880D33-F016-4761-9868-ED34AED02B4C}.Debug|Any CPU.ActiveCfg = Debug|Any CPU
		{46880D33-F016-4761-9868-ED34AED02B4C}.Debug|Any CPU.Build.0 = Debug|Any CPU
		{46880D33-F016-4761-9868-ED34AED02B4C}.Debug|Mixed Platforms.ActiveCfg = Debug|Any CPU
		{46880D33-F016-4761-9868-ED34AED02B4C}.Debug|Mixed Platforms.Build.0 = Debug|Any CPU
		{46880D33-F016-4761-9868-ED34AED02B4C}.Debug|x86.ActiveCfg = Debug|Any CPU
		{46880D33-F016-4761-9868-ED34AED02B4C}.Release|Any CPU.ActiveCfg = Release|Any CPU
		{46880D33-F016-4761-9868-ED34AED02B4C}.Release|Any CPU.Build.0 = Release|Any CPU
		{46880D33-F016-4761-9868-ED34AED02B4C}.Release|Mixed Platforms.ActiveCfg = Release|Any CPU
		{46880D33-F016-4761-9868-ED34AED02B4C}.Release|Mixed Platforms.Build.0 = Release|Any CPU
		{46880D33-F016-4761-9868-ED34AED02B4C}.Release|x86.ActiveCfg = Release|Any CPU
	EndGlobalSection
	GlobalSection(SolutionProperties) = preSolution
		HideSolutionNode = FALSE
	EndGlobalSection
EndGlobal
