
Microsoft Visual Studio Solution File, Format Version 12.00
# Visual Studio 2013
VisualStudioVersion = 12.0.40629.0
MinimumVisualStudioVersion = 10.0.40219.1
Project("{FAE04EC0-301F-11D3-BF4B-00C04F79EFBC}") = "adcValCtb", "adcValCtb.csproj", "{4CB55435-3DD9-488D-8A68-F59D064043EA}"
EndProject
Project("{F184B08F-C81C-45F6-A57F-5ABD9991F28F}") = "Cbos", "..\..\..\DesarrolloUtilitariosNet\LLenarCombos\Cbos\Cbos.vbproj", "{ACDA490B-1A84-4757-9F2F-A4AB4518A640}"
EndProject
Global
	GlobalSection(SolutionConfigurationPlatforms) = preSolution
		Debug|Any CPU = Debug|Any CPU
		Debug|Mixed Platforms = Debug|Mixed Platforms
		Debug|x86 = Debug|x86
		Release|Any CPU = Release|Any CPU
		Release|Mixed Platforms = Release|Mixed Platforms
		Release|x86 = Release|x86
	EndGlobalSection
	GlobalSection(ProjectConfigurationPlatforms) = postSolution
		{4CB55435-3DD9-488D-8A68-F59D064043EA}.Debug|Any CPU.ActiveCfg = Debug|Any CPU
		{4CB55435-3DD9-488D-8A68-F59D064043EA}.Debug|Any CPU.Build.0 = Debug|Any CPU
		{4CB55435-3DD9-488D-8A68-F59D064043EA}.Debug|Mixed Platforms.ActiveCfg = Debug|Any CPU
		{4CB55435-3DD9-488D-8A68-F59D064043EA}.Debug|Mixed Platforms.Build.0 = Debug|Any CPU
		{4CB55435-3DD9-488D-8A68-F59D064043EA}.Debug|x86.ActiveCfg = Debug|Any CPU
		{4CB55435-3DD9-488D-8A68-F59D064043EA}.Release|Any CPU.ActiveCfg = Release|Any CPU
		{4CB55435-3DD9-488D-8A68-F59D064043EA}.Release|Any CPU.Build.0 = Release|Any CPU
		{4CB55435-3DD9-488D-8A68-F59D064043EA}.Release|Mixed Platforms.ActiveCfg = Release|Any CPU
		{4CB55435-3DD9-488D-8A68-F59D064043EA}.Release|Mixed Platforms.Build.0 = Release|Any CPU
		{4CB55435-3DD9-488D-8A68-F59D064043EA}.Release|x86.ActiveCfg = Release|Any CPU
		{ACDA490B-1A84-4757-9F2F-A4AB4518A640}.Debug|Any CPU.ActiveCfg = Debug|x86
		{ACDA490B-1A84-4757-9F2F-A4AB4518A640}.Debug|Mixed Platforms.ActiveCfg = Debug|x86
		{ACDA490B-1A84-4757-9F2F-A4AB4518A640}.Debug|Mixed Platforms.Build.0 = Debug|x86
		{ACDA490B-1A84-4757-9F2F-A4AB4518A640}.Debug|x86.ActiveCfg = Debug|x86
		{ACDA490B-1A84-4757-9F2F-A4AB4518A640}.Debug|x86.Build.0 = Debug|x86
		{ACDA490B-1A84-4757-9F2F-A4AB4518A640}.Release|Any CPU.ActiveCfg = Release|x86
		{ACDA490B-1A84-4757-9F2F-A4AB4518A640}.Release|Mixed Platforms.ActiveCfg = Release|x86
		{ACDA490B-1A84-4757-9F2F-A4AB4518A640}.Release|Mixed Platforms.Build.0 = Release|x86
		{ACDA490B-1A84-4757-9F2F-A4AB4518A640}.Release|x86.ActiveCfg = Release|x86
		{ACDA490B-1A84-4757-9F2F-A4AB4518A640}.Release|x86.Build.0 = Release|x86
	EndGlobalSection
	GlobalSection(SolutionProperties) = preSolution
		HideSolutionNode = FALSE
	EndGlobalSection
EndGlobal
