
Microsoft Visual Studio Solution File, Format Version 11.00
# Visual Studio 2010
Project("{F184B08F-C81C-45F6-A57F-5ABD9991F28F}") = "AnlMovCta", "AnlMovCta\AnlMovCta.vbproj", "{97DD64FF-504D-4512-A0CE-2AC2B647A514}"
EndProject
Global
	GlobalSection(SolutionConfigurationPlatforms) = preSolution
		Debug|x86 = Debug|x86
		Release|x86 = Release|x86
	EndGlobalSection
	GlobalSection(ProjectConfigurationPlatforms) = postSolution
		{97DD64FF-504D-4512-A0CE-2AC2B647A514}.Debug|x86.ActiveCfg = Debug|x86
		{97DD64FF-504D-4512-A0CE-2AC2B647A514}.Debug|x86.Build.0 = Debug|x86
		{97DD64FF-504D-4512-A0CE-2AC2B647A514}.Release|x86.ActiveCfg = Release|x86
		{97DD64FF-504D-4512-A0CE-2AC2B647A514}.Release|x86.Build.0 = Release|x86
	EndGlobalSection
	GlobalSection(SolutionProperties) = preSolution
		HideSolutionNode = FALSE
	EndGlobalSection
EndGlobal
