
Microsoft Visual Studio Solution File, Format Version 11.00
# Visual Studio 2010
Project("{F184B08F-C81C-45F6-A57F-5ABD9991F28F}") = "LstDoc", "LstDoc\LstDoc.vbproj", "{AF47036E-0672-42F8-80CD-C62F7C9921DE}"
EndProject
Global
	GlobalSection(SolutionConfigurationPlatforms) = preSolution
		Debug|x86 = Debug|x86
		Release|x86 = Release|x86
	EndGlobalSection
	GlobalSection(ProjectConfigurationPlatforms) = postSolution
		{AF47036E-0672-42F8-80CD-C62F7C9921DE}.Debug|x86.ActiveCfg = Debug|x86
		{AF47036E-0672-42F8-80CD-C62F7C9921DE}.Debug|x86.Build.0 = Debug|x86
		{AF47036E-0672-42F8-80CD-C62F7C9921DE}.Release|x86.ActiveCfg = Release|x86
		{AF47036E-0672-42F8-80CD-C62F7C9921DE}.Release|x86.Build.0 = Release|x86
	EndGlobalSection
	GlobalSection(SolutionProperties) = preSolution
		HideSolutionNode = FALSE
	EndGlobalSection
EndGlobal
