
Microsoft Visual Studio Solution File, Format Version 12.00
# Visual Studio 2013
VisualStudioVersion = 12.0.21005.1
MinimumVisualStudioVersion = 10.0.40219.1
Project("{FAE04EC0-301F-11D3-BF4B-00C04F79EFBC}") = "mntUsrs", "mntUsrs.csproj", "{983FA58F-3151-4D36-8193-49B0606F2AB0}"
EndProject
Project("{FAE04EC0-301F-11D3-BF4B-00C04F79EFBC}") = "daxAccs", "..\..\AutorizacionDocumentos\daxAccs\daxAccs.csproj", "{E1D362F5-5E6D-4FBA-B632-2C369F3E8EBB}"
EndProject
Global
	GlobalSection(SolutionConfigurationPlatforms) = preSolution
		Debug|Any CPU = Debug|Any CPU
		Debug|Mixed Platforms = Debug|Mixed Platforms
		Debug|x86 = Debug|x86
		Release|Any CPU = Release|Any CPU
		Release|Mixed Platforms = Release|Mixed Platforms
		Release|x86 = Release|x86
	EndGlobalSection
	GlobalSection(ProjectConfigurationPlatforms) = postSolution
		{983FA58F-3151-4D36-8193-49B0606F2AB0}.Debug|Any CPU.ActiveCfg = Debug|Any CPU
		{983FA58F-3151-4D36-8193-49B0606F2AB0}.Debug|Any CPU.Build.0 = Debug|Any CPU
		{983FA58F-3151-4D36-8193-49B0606F2AB0}.Debug|Mixed Platforms.ActiveCfg = Debug|Any CPU
		{983FA58F-3151-4D36-8193-49B0606F2AB0}.Debug|Mixed Platforms.Build.0 = Debug|Any CPU
		{983FA58F-3151-4D36-8193-49B0606F2AB0}.Debug|x86.ActiveCfg = Debug|Any CPU
		{983FA58F-3151-4D36-8193-49B0606F2AB0}.Release|Any CPU.ActiveCfg = Release|Any CPU
		{983FA58F-3151-4D36-8193-49B0606F2AB0}.Release|Any CPU.Build.0 = Release|Any CPU
		{983FA58F-3151-4D36-8193-49B0606F2AB0}.Release|Mixed Platforms.ActiveCfg = Release|Any CPU
		{983FA58F-3151-4D36-8193-49B0606F2AB0}.Release|Mixed Platforms.Build.0 = Release|Any CPU
		{983FA58F-3151-4D36-8193-49B0606F2AB0}.Release|x86.ActiveCfg = Release|Any CPU
		{E1D362F5-5E6D-4FBA-B632-2C369F3E8EBB}.Debug|Any CPU.ActiveCfg = Debug|x86
		{E1D362F5-5E6D-4FBA-B632-2C369F3E8EBB}.Debug|Mixed Platforms.ActiveCfg = Debug|x86
		{E1D362F5-5E6D-4FBA-B632-2C369F3E8EBB}.Debug|Mixed Platforms.Build.0 = Debug|x86
		{E1D362F5-5E6D-4FBA-B632-2C369F3E8EBB}.Debug|x86.ActiveCfg = Debug|x86
		{E1D362F5-5E6D-4FBA-B632-2C369F3E8EBB}.Debug|x86.Build.0 = Debug|x86
		{E1D362F5-5E6D-4FBA-B632-2C369F3E8EBB}.Release|Any CPU.ActiveCfg = Release|x86
		{E1D362F5-5E6D-4FBA-B632-2C369F3E8EBB}.Release|Mixed Platforms.ActiveCfg = Release|x86
		{E1D362F5-5E6D-4FBA-B632-2C369F3E8EBB}.Release|Mixed Platforms.Build.0 = Release|x86
		{E1D362F5-5E6D-4FBA-B632-2C369F3E8EBB}.Release|x86.ActiveCfg = Release|x86
		{E1D362F5-5E6D-4FBA-B632-2C369F3E8EBB}.Release|x86.Build.0 = Release|x86
	EndGlobalSection
	GlobalSection(SolutionProperties) = preSolution
		HideSolutionNode = FALSE
	EndGlobalSection
EndGlobal
