
Microsoft Visual Studio Solution File, Format Version 11.00
# Visual Studio 2010
Project("{FAE04EC0-301F-11D3-BF4B-00C04F79EFBC}") = "ClassDxSys", "ClassDxSys.csproj", "{D795DFB6-5F77-49EA-A428-F488CAAEC1AB}"
EndProject
Global
	GlobalSection(SolutionConfigurationPlatforms) = preSolution
		Debug|Any CPU = Debug|Any CPU
		Release|Any CPU = Release|Any CPU
	EndGlobalSection
	GlobalSection(ProjectConfigurationPlatforms) = postSolution
		{D795DFB6-5F77-49EA-A428-F488CAAEC1AB}.Debug|Any CPU.ActiveCfg = Debug|Any CPU
		{D795DFB6-5F77-49EA-A428-F488CAAEC1AB}.Debug|Any CPU.Build.0 = Debug|Any CPU
		{D795DFB6-5F77-49EA-A428-F488CAAEC1AB}.Release|Any CPU.ActiveCfg = Release|Any CPU
		{D795DFB6-5F77-49EA-A428-F488CAAEC1AB}.Release|Any CPU.Build.0 = Release|Any CPU
	EndGlobalSection
	GlobalSection(SolutionProperties) = preSolution
		HideSolutionNode = FALSE
	EndGlobalSection
EndGlobal
