
Microsoft Visual Studio Solution File, Format Version 11.00
# Visual Studio 2010
Project("{F184B08F-C81C-45F6-A57F-5ABD9991F28F}") = "Reportes", "Reportes.vbproj", "{D5F7A7B1-11D4-455F-964D-78818417873D}"
EndProject
Global
	GlobalSection(SolutionConfigurationPlatforms) = preSolution
		Debug|x86 = Debug|x86
		Release|x86 = Release|x86
	EndGlobalSection
	GlobalSection(ProjectConfigurationPlatforms) = postSolution
		{D5F7A7B1-11D4-455F-964D-78818417873D}.Debug|x86.ActiveCfg = Debug|x86
		{D5F7A7B1-11D4-455F-964D-78818417873D}.Debug|x86.Build.0 = Debug|x86
		{D5F7A7B1-11D4-455F-964D-78818417873D}.Release|x86.ActiveCfg = Release|x86
		{D5F7A7B1-11D4-455F-964D-78818417873D}.Release|x86.Build.0 = Release|x86
	EndGlobalSection
	GlobalSection(SolutionProperties) = preSolution
		HideSolutionNode = FALSE
	EndGlobalSection
EndGlobal
