
Microsoft Visual Studio Solution File, Format Version 12.00
# Visual Studio Version 16
VisualStudioVersion = 16.0.31019.35
MinimumVisualStudioVersion = 10.0.40219.1
Project("{FAE04EC0-301F-11D3-BF4B-00C04F79EFBC}") = "DaxInventarios", "DaxInventarios\DaxInventarios.csproj", "{9AC4DA06-C8B0-4B5B-AE45-22842A9313CB}"
EndProject
Project("{F184B08F-C81C-45F6-A57F-5ABD9991F28F}") = "RepAntiguedad", "RepAntiguedad\RepAntiguedad.vbproj", "{0A246CDC-5AD9-4228-9DA1-0D528770C69F}"
EndProject
Project("{FAE04EC0-301F-11D3-BF4B-00C04F79EFBC}") = "RepCatalogo", "RepCatalogo\RepCatalogo.csproj", "{889EDEC7-6E18-0A76-3B4D-920657B605F0}"
EndProject
Project("{F184B08F-C81C-45F6-A57F-5ABD9991F28F}") = "RepKardex", "RepKardex\RepKardex.vbproj", "{A5F60492-A014-4DB8-989B-880ED6BD6E4C}"
EndProject
Project("{F184B08F-C81C-45F6-A57F-5ABD9991F28F}") = "RepMaxiMini", "RepMaxMinimos\RepMaxiMini.vbproj", "{0EA2BBFD-1646-4EC6-ABCF-9257598A0ECA}"
EndProject
Project("{F184B08F-C81C-45F6-A57F-5ABD9991F28F}") = "RepResumenMov", "ResumenMovimientos\RepResumenMov.vbproj", "{054B80C2-31D4-4606-8D55-FE36EB758C93}"
EndProject
Project("{F184B08F-C81C-45F6-A57F-5ABD9991F28F}") = "RepTransaccionesInventario", "TransaccionesInventario\RepTransaccionesInventario.vbproj", "{B0BC48FC-CE70-4A89-B88C-1F2FDD1EC4AF}"
EndProject
Project("{F184B08F-C81C-45F6-A57F-5ABD9991F28F}") = "DaxNivAct", "MantenimientoLineasDeArticulosYActivos\NivelesActivos\DaxNivAct.vbproj", "{27918BBF-7784-4EAA-A951-C09D323B48EF}"
EndProject
Project("{FAE04EC0-301F-11D3-BF4B-00C04F79EFBC}") = "adcClassart", "..\_ClassBasesDatos\adcClassart\adcClassart.csproj", "{37A56D8D-0ADC-4376-A64A-36C443D7CBB9}"
EndProject
Global
	GlobalSection(SolutionConfigurationPlatforms) = preSolution
		Debug|Any CPU = Debug|Any CPU
		Debug|x86 = Debug|x86
		Release|Any CPU = Release|Any CPU
		Release|x86 = Release|x86
	EndGlobalSection
	GlobalSection(ProjectConfigurationPlatforms) = postSolution
		{9AC4DA06-C8B0-4B5B-AE45-22842A9313CB}.Debug|Any CPU.ActiveCfg = Debug|Any CPU
		{9AC4DA06-C8B0-4B5B-AE45-22842A9313CB}.Debug|Any CPU.Build.0 = Debug|Any CPU
		{9AC4DA06-C8B0-4B5B-AE45-22842A9313CB}.Debug|x86.ActiveCfg = Debug|x86
		{9AC4DA06-C8B0-4B5B-AE45-22842A9313CB}.Debug|x86.Build.0 = Debug|x86
		{9AC4DA06-C8B0-4B5B-AE45-22842A9313CB}.Release|Any CPU.ActiveCfg = Release|Any CPU
		{9AC4DA06-C8B0-4B5B-AE45-22842A9313CB}.Release|Any CPU.Build.0 = Release|Any CPU
		{9AC4DA06-C8B0-4B5B-AE45-22842A9313CB}.Release|x86.ActiveCfg = Release|x86
		{9AC4DA06-C8B0-4B5B-AE45-22842A9313CB}.Release|x86.Build.0 = Release|x86
		{0A246CDC-5AD9-4228-9DA1-0D528770C69F}.Debug|Any CPU.ActiveCfg = Debug|x86
		{0A246CDC-5AD9-4228-9DA1-0D528770C69F}.Debug|x86.ActiveCfg = Debug|x86
		{0A246CDC-5AD9-4228-9DA1-0D528770C69F}.Debug|x86.Build.0 = Debug|x86
		{0A246CDC-5AD9-4228-9DA1-0D528770C69F}.Release|Any CPU.ActiveCfg = Release|x86
		{0A246CDC-5AD9-4228-9DA1-0D528770C69F}.Release|x86.ActiveCfg = Release|x86
		{0A246CDC-5AD9-4228-9DA1-0D528770C69F}.Release|x86.Build.0 = Release|x86
		{889EDEC7-6E18-0A76-3B4D-920657B605F0}.Debug|Any CPU.ActiveCfg = Debug|x86
		{889EDEC7-6E18-0A76-3B4D-920657B605F0}.Debug|x86.ActiveCfg = Debug|x86
		{889EDEC7-6E18-0A76-3B4D-920657B605F0}.Debug|x86.Build.0 = Debug|x86
		{889EDEC7-6E18-0A76-3B4D-920657B605F0}.Release|Any CPU.ActiveCfg = Release|x86
		{889EDEC7-6E18-0A76-3B4D-920657B605F0}.Release|x86.ActiveCfg = Release|x86
		{889EDEC7-6E18-0A76-3B4D-920657B605F0}.Release|x86.Build.0 = Release|x86
		{A5F60492-A014-4DB8-989B-880ED6BD6E4C}.Debug|Any CPU.ActiveCfg = Debug|x86
		{A5F60492-A014-4DB8-989B-880ED6BD6E4C}.Debug|x86.ActiveCfg = Debug|x86
		{A5F60492-A014-4DB8-989B-880ED6BD6E4C}.Debug|x86.Build.0 = Debug|x86
		{A5F60492-A014-4DB8-989B-880ED6BD6E4C}.Release|Any CPU.ActiveCfg = Release|x86
		{A5F60492-A014-4DB8-989B-880ED6BD6E4C}.Release|x86.ActiveCfg = Release|x86
		{A5F60492-A014-4DB8-989B-880ED6BD6E4C}.Release|x86.Build.0 = Release|x86
		{0EA2BBFD-1646-4EC6-ABCF-9257598A0ECA}.Debug|Any CPU.ActiveCfg = Debug|x86
		{0EA2BBFD-1646-4EC6-ABCF-9257598A0ECA}.Debug|x86.ActiveCfg = Debug|x86
		{0EA2BBFD-1646-4EC6-ABCF-9257598A0ECA}.Debug|x86.Build.0 = Debug|x86
		{0EA2BBFD-1646-4EC6-ABCF-9257598A0ECA}.Release|Any CPU.ActiveCfg = Release|x86
		{0EA2BBFD-1646-4EC6-ABCF-9257598A0ECA}.Release|x86.ActiveCfg = Release|x86
		{0EA2BBFD-1646-4EC6-ABCF-9257598A0ECA}.Release|x86.Build.0 = Release|x86
		{054B80C2-31D4-4606-8D55-FE36EB758C93}.Debug|Any CPU.ActiveCfg = Debug|x86
		{054B80C2-31D4-4606-8D55-FE36EB758C93}.Debug|x86.ActiveCfg = Debug|x86
		{054B80C2-31D4-4606-8D55-FE36EB758C93}.Debug|x86.Build.0 = Debug|x86
		{054B80C2-31D4-4606-8D55-FE36EB758C93}.Release|Any CPU.ActiveCfg = Release|x86
		{054B80C2-31D4-4606-8D55-FE36EB758C93}.Release|x86.ActiveCfg = Release|x86
		{054B80C2-31D4-4606-8D55-FE36EB758C93}.Release|x86.Build.0 = Release|x86
		{B0BC48FC-CE70-4A89-B88C-1F2FDD1EC4AF}.Debug|Any CPU.ActiveCfg = Debug|x86
		{B0BC48FC-CE70-4A89-B88C-1F2FDD1EC4AF}.Debug|x86.ActiveCfg = Debug|x86
		{B0BC48FC-CE70-4A89-B88C-1F2FDD1EC4AF}.Debug|x86.Build.0 = Debug|x86
		{B0BC48FC-CE70-4A89-B88C-1F2FDD1EC4AF}.Release|Any CPU.ActiveCfg = Release|x86
		{B0BC48FC-CE70-4A89-B88C-1F2FDD1EC4AF}.Release|x86.ActiveCfg = Release|x86
		{B0BC48FC-CE70-4A89-B88C-1F2FDD1EC4AF}.Release|x86.Build.0 = Release|x86
		{27918BBF-7784-4EAA-A951-C09D323B48EF}.Debug|Any CPU.ActiveCfg = Debug|x86
		{27918BBF-7784-4EAA-A951-C09D323B48EF}.Debug|x86.ActiveCfg = Debug|x86
		{27918BBF-7784-4EAA-A951-C09D323B48EF}.Debug|x86.Build.0 = Debug|x86
		{27918BBF-7784-4EAA-A951-C09D323B48EF}.Release|Any CPU.ActiveCfg = Release|x86
		{27918BBF-7784-4EAA-A951-C09D323B48EF}.Release|x86.ActiveCfg = Release|x86
		{27918BBF-7784-4EAA-A951-C09D323B48EF}.Release|x86.Build.0 = Release|x86
		{37A56D8D-0ADC-4376-A64A-36C443D7CBB9}.Debug|Any CPU.ActiveCfg = Debug|Any CPU
		{37A56D8D-0ADC-4376-A64A-36C443D7CBB9}.Debug|Any CPU.Build.0 = Debug|Any CPU
		{37A56D8D-0ADC-4376-A64A-36C443D7CBB9}.Debug|x86.ActiveCfg = Debug|x86
		{37A56D8D-0ADC-4376-A64A-36C443D7CBB9}.Debug|x86.Build.0 = Debug|x86
		{37A56D8D-0ADC-4376-A64A-36C443D7CBB9}.Release|Any CPU.ActiveCfg = Release|Any CPU
		{37A56D8D-0ADC-4376-A64A-36C443D7CBB9}.Release|Any CPU.Build.0 = Release|Any CPU
		{37A56D8D-0ADC-4376-A64A-36C443D7CBB9}.Release|x86.ActiveCfg = Release|x86
		{37A56D8D-0ADC-4376-A64A-36C443D7CBB9}.Release|x86.Build.0 = Release|x86
	EndGlobalSection
	GlobalSection(SolutionProperties) = preSolution
		HideSolutionNode = FALSE
	EndGlobalSection
	GlobalSection(ExtensibilityGlobals) = postSolution
		SolutionGuid = {329B4908-C974-493B-8B1B-5A15E898DF9D}
	EndGlobalSection
EndGlobal
