
Microsoft Visual Studio Solution File, Format Version 11.00
# Visual Studio 2010
Project("{F184B08F-C81C-45F6-A57F-5ABD9991F28F}") = "Cbos", "Cbos\Cbos.vbproj", "{ACDA490B-1A84-4757-9F2F-A4AB4518A640}"
EndProject
Global
	GlobalSection(SolutionConfigurationPlatforms) = preSolution
		Debug|x86 = Debug|x86
		Release|x86 = Release|x86
	EndGlobalSection
	GlobalSection(ProjectConfigurationPlatforms) = postSolution
		{ACDA490B-1A84-4757-9F2F-A4AB4518A640}.Debug|x86.ActiveCfg = Debug|x86
		{ACDA490B-1A84-4757-9F2F-A4AB4518A640}.Debug|x86.Build.0 = Debug|x86
		{ACDA490B-1A84-4757-9F2F-A4AB4518A640}.Release|x86.ActiveCfg = Release|x86
		{ACDA490B-1A84-4757-9F2F-A4AB4518A640}.Release|x86.Build.0 = Release|x86
	EndGlobalSection
	GlobalSection(SolutionProperties) = preSolution
		HideSolutionNode = FALSE
	EndGlobalSection
EndGlobal
